{
    "name": "govuk-laravel",
    "lockfileVersion": 3,
    "requires": true,
    "packages": {
        "": {
            "name": "govuk-laravel",
            "license": "MIT",
            "devDependencies": {
                "govuk-frontend": "^6.2",
                "husky": "^8"
            }
        },
        "node_modules/govuk-frontend": {
            "version": "6.4.0",
            "resolved": "https://registry.npmjs.org/govuk-frontend/-/govuk-frontend-6.4.0.tgz",
            "integrity": "sha512-jU3oaVFXqK1yDVIdZs1YZ6JD7YDB4PFUHF3rFMWJye9ArImp42F9wCsFzzB1+udjuzGCryJGcHHbBQ5HY+8rqQ==",
            "dev": true,
            "engines": {
                "node": ">= 4.2.0"
            }
        },
        "node_modules/husky": {
            "version": "8.0.3",
            "resolved": "https://registry.npmjs.org/husky/-/husky-8.0.3.tgz",
            "integrity": "sha512-+dQSyqPh4x1hlO1swXBiNb2HzTDN1I2IGLQx1GrBuiqFJfoMrnZWwVmatvSiO+Iz8fBUnf+lekwNo4c2LlXItg==",
            "dev": true,
            "bin": {
                "husky": "lib/bin.js"
            },
            "engines": {
                "node": ">=14"
            },
            "funding": {
                "url": "https://github.com/sponsors/typicode"
            }
        }
    }
}
