{
    "name": "govuk-laravel",
    "lockfileVersion": 3,
    "requires": true,
    "packages": {
        "": {
            "name": "govuk-laravel",
            "license": "MIT",
            "devDependencies": {
                "govuk-frontend": "^5.7.1",
                "husky": "^9"
            }
        },
        "node_modules/govuk-frontend": {
            "version": "5.7.1",
            "resolved": "https://registry.npmjs.org/govuk-frontend/-/govuk-frontend-5.7.1.tgz",
            "integrity": "sha512-jF1cq5rn57kxZmJRprUZhTQ31zaBBK4b5AyeJaPX3Yhg22lk90Mx/dQLvOk/ycV3wM7e0y+s4IPvb2fFaPlCGg==",
            "dev": true,
            "license": "MIT",
            "engines": {
                "node": ">= 4.2.0"
            }
        },
        "node_modules/husky": {
            "version": "9.1.6",
            "resolved": "https://registry.npmjs.org/husky/-/husky-9.1.6.tgz",
            "integrity": "sha512-sqbjZKK7kf44hfdE94EoX8MZNk0n7HeW37O4YrVGCF4wzgQjp+akPAkfUK5LZ6KuR/6sqeAVuXHji+RzQgOn5A==",
            "dev": true,
            "license": "MIT",
            "bin": {
                "husky": "bin.js"
            },
            "engines": {
                "node": ">=18"
            },
            "funding": {
                "url": "https://github.com/sponsors/typicode"
            }
        }
    }
}
