{
    "name": "govuk-laravel",
    "lockfileVersion": 3,
    "requires": true,
    "packages": {
        "": {
            "name": "govuk-laravel",
            "license": "MIT",
            "devDependencies": {
                "govuk-frontend": "^5",
                "husky": "^8"
            }
        },
        "node_modules/govuk-frontend": {
            "version": "5.7.1",
            "resolved": "https://registry.npmjs.org/govuk-frontend/-/govuk-frontend-5.7.1.tgz",
            "integrity": "sha512-jF1cq5rn57kxZmJRprUZhTQ31zaBBK4b5AyeJaPX3Yhg22lk90Mx/dQLvOk/ycV3wM7e0y+s4IPvb2fFaPlCGg==",
            "dev": true,
            "license": "MIT",
            "engines": {
                "node": ">= 4.2.0"
            }
        },
        "node_modules/husky": {
            "version": "8.0.3",
            "resolved": "https://registry.npmjs.org/husky/-/husky-8.0.3.tgz",
            "integrity": "sha512-+dQSyqPh4x1hlO1swXBiNb2HzTDN1I2IGLQx1GrBuiqFJfoMrnZWwVmatvSiO+Iz8fBUnf+lekwNo4c2LlXItg==",
            "dev": true,
            "license": "MIT",
            "bin": {
                "husky": "lib/bin.js"
            },
            "engines": {
                "node": ">=14"
            },
            "funding": {
                "url": "https://github.com/sponsors/typicode"
            }
        }
    }
}
